
Microsoft Visual Studio Solution File, Format Version 12.00
# Visual Studio Version 17
VisualStudioVersion = 17.7.34031.279
MinimumVisualStudioVersion = 10.0.40219.1
Project("{8BC9CEB8-8B4A-11D0-8D11-00A0C91BC942}") = "Gabriel_Murkovic_LV06-Olovka", "Gabriel_Murkovic_LV06-Olovka.vcxproj", "{071386A3-3C79-41E0-831A-92360838096C}"
EndProject
Global
	GlobalSection(SolutionConfigurationPlatforms) = preSolution
		Debug|x64 = Debug|x64
		Debug|x86 = Debug|x86
		Release|x64 = Release|x64
		Release|x86 = Release|x86
	EndGlobalSection
	GlobalSection(ProjectConfigurationPlatforms) = postSolution
		{071386A3-3C79-41E0-831A-92360838096C}.Debug|x64.ActiveCfg = Debug|x64
		{071386A3-3C79-41E0-831A-92360838096C}.Debug|x64.Build.0 = Debug|x64
		{071386A3-3C79-41E0-831A-92360838096C}.Debug|x86.ActiveCfg = Debug|Win32
		{071386A3-3C79-41E0-831A-92360838096C}.Debug|x86.Build.0 = Debug|Win32
		{071386A3-3C79-41E0-831A-92360838096C}.Release|x64.ActiveCfg = Release|x64
		{071386A3-3C79-41E0-831A-92360838096C}.Release|x64.Build.0 = Release|x64
		{071386A3-3C79-41E0-831A-92360838096C}.Release|x86.ActiveCfg = Release|Win32
		{071386A3-3C79-41E0-831A-92360838096C}.Release|x86.Build.0 = Release|Win32
	EndGlobalSection
	GlobalSection(SolutionProperties) = preSolution
		HideSolutionNode = FALSE
	EndGlobalSection
	GlobalSection(ExtensibilityGlobals) = postSolution
		SolutionGuid = {869909C6-2B8E-4E3A-89E8-19ADEE410761}
	EndGlobalSection
EndGlobal
